
Microsoft Visual Studio Solution File, Format Version 12.00
# Visual Studio Version 17
VisualStudioVersion = 17.5.33516.290
MinimumVisualStudioVersion = 10.0.40219.1
Project("{8BC9CEB8-8B4A-11D0-8D11-00A0C91BC942}") = "Harmonia", "Harmonia.vcxproj", "{C5F80730-F44F-4478-BDAE-6634EFC2CA88}"
EndProject
Project("{8BC9CEB8-8B4A-11D0-8D11-00A0C91BC942}") = "Arduino-PID-Library-master-1.2.1", "Libraries\Arduino-PID-Library-master\1.2.1\Arduino-PID-Library-master\Arduino-PID-Library-master-1.2.1.vcxitems", "{C96CC080-E5C0-44D8-9B90-CC00CEB7BBDA}"
EndProject
Project("{8BC9CEB8-8B4A-11D0-8D11-00A0C91BC942}") = "motoron-arduino-master-1.3.0", "Libraries\motoron-arduino-master\1.3.0\motoron-arduino-master\motoron-arduino-master-1.3.0.vcxitems", "{4E2A896D-B104-4F15-ACBF-199539F450EA}"
EndProject
Project("{8BC9CEB8-8B4A-11D0-8D11-00A0C91BC942}") = "Adafruit_MPRLS-master-1.2.0", "Libraries\Adafruit_MPRLS-master\1.2.0\Adafruit_MPRLS-master\Adafruit_MPRLS-master-1.2.0.vcxitems", "{2DCCC041-6357-4419-BC7B-FA0362660C80}"
EndProject
Global
	GlobalSection(SolutionConfigurationPlatforms) = preSolution
		Debug|x86 = Debug|x86
		Release|x86 = Release|x86
	EndGlobalSection
	GlobalSection(ProjectConfigurationPlatforms) = postSolution
		{C5F80730-F44F-4478-BDAE-6634EFC2CA88}.Debug|x86.ActiveCfg = Debug|Win32
		{C5F80730-F44F-4478-BDAE-6634EFC2CA88}.Debug|x86.Build.0 = Debug|Win32
		{C5F80730-F44F-4478-BDAE-6634EFC2CA88}.Release|x86.ActiveCfg = Release|Win32
		{C5F80730-F44F-4478-BDAE-6634EFC2CA88}.Release|x86.Build.0 = Release|Win32
	EndGlobalSection
	GlobalSection(SolutionProperties) = preSolution
		HideSolutionNode = FALSE
	EndGlobalSection
	GlobalSection(ExtensibilityGlobals) = postSolution
		SolutionGuid = {98D3138E-44AF-4D10-9228-806B67DBD0E8}
	EndGlobalSection
	GlobalSection(SharedMSBuildProjectFiles) = preSolution
		Libraries\Adafruit_MPRLS-master\1.2.0\Adafruit_MPRLS-master\Adafruit_MPRLS-master-1.2.0.vcxitems*{2dccc041-6357-4419-bc7b-fa0362660c80}*SharedItemsImports = 9
		Libraries\motoron-arduino-master\1.3.0\motoron-arduino-master\motoron-arduino-master-1.3.0.vcxitems*{4e2a896d-b104-4f15-acbf-199539f450ea}*SharedItemsImports = 9
		Libraries\Adafruit_MPRLS-master\1.2.0\Adafruit_MPRLS-master\Adafruit_MPRLS-master-1.2.0.vcxitems*{c5f80730-f44f-4478-bdae-6634efc2ca88}*SharedItemsImports = 4
		Libraries\Arduino-PID-Library-master\1.2.1\Arduino-PID-Library-master\Arduino-PID-Library-master-1.2.1.vcxitems*{c5f80730-f44f-4478-bdae-6634efc2ca88}*SharedItemsImports = 4
		Libraries\motoron-arduino-master\1.3.0\motoron-arduino-master\motoron-arduino-master-1.3.0.vcxitems*{c5f80730-f44f-4478-bdae-6634efc2ca88}*SharedItemsImports = 4
		Libraries\Arduino-PID-Library-master\1.2.1\Arduino-PID-Library-master\Arduino-PID-Library-master-1.2.1.vcxitems*{c96cc080-e5c0-44d8-9b90-cc00ceb7bbda}*SharedItemsImports = 9
	EndGlobalSection
EndGlobal
